
Microsoft Visual Studio Solution File, Format Version 12.00
# Visual Studio Version 17
VisualStudioVersion = 17.3.32901.215
MinimumVisualStudioVersion = 10.0.40219.1
Project("{FAE04EC0-301F-11D3-BF4B-00C04F79EFBC}") = "Task_12", "Task_12.csproj", "{586BDDA1-60DB-46A4-9849-7C2E352A32DC}"
EndProject
Global
	GlobalSection(SolutionConfigurationPlatforms) = preSolution
		Debug|Any CPU = Debug|Any CPU
		Release|Any CPU = Release|Any CPU
	EndGlobalSection
	GlobalSection(ProjectConfigurationPlatforms) = postSolution
		{586BDDA1-60DB-46A4-9849-7C2E352A32DC}.Debug|Any CPU.ActiveCfg = Debug|Any CPU
		{586BDDA1-60DB-46A4-9849-7C2E352A32DC}.Debug|Any CPU.Build.0 = Debug|Any CPU
		{586BDDA1-60DB-46A4-9849-7C2E352A32DC}.Release|Any CPU.ActiveCfg = Release|Any CPU
		{586BDDA1-60DB-46A4-9849-7C2E352A32DC}.Release|Any CPU.Build.0 = Release|Any CPU
	EndGlobalSection
	GlobalSection(SolutionProperties) = preSolution
		HideSolutionNode = FALSE
	EndGlobalSection
	GlobalSection(ExtensibilityGlobals) = postSolution
		SolutionGuid = {50596CA7-85B8-4BCF-86C1-665685CD8F0A}
	EndGlobalSection
EndGlobal
